<?xml version="1.0" encoding="utf-8"?>
<Project ToolsVersion="4.0" xmlns="http://schemas.microsoft.com/developer/msbuild/2003">
  <ItemGroup>
    <Filter Include="win32">
      <UniqueIdentifier>{84a8ebd7-7cf0-47f6-b75e-d441df67da40}</UniqueIdentifier>
    </Filter>
    <Filter Include="resource">
      <UniqueIdentifier>{715254bc-d70b-4ec5-bf29-467dd3ace079}</UniqueIdentifier>
    </Filter>
    <Filter Include="src">
      <UniqueIdentifier>{bb6c862e-70e9-49d9-81b7-3829a6f50471}</UniqueIdentifier>
    </Filter>
    <Filter Include="win32\Utilities">
      <UniqueIdentifier>{73195922-7878-442e-bfa5-ae245d9e3083}</UniqueIdentifier>
    </Filter>
    <Filter Include="win32\Managers">
      <UniqueIdentifier>{6ad76926-0824-4263-999e-e83b7b43b40c}</UniqueIdentifier>
    </Filter>
    <Filter Include="win32\Sprites">
      <UniqueIdentifier>{35b8ff38-9432-46e7-acd9-fb03bda99d20}</UniqueIdentifier>
    </Filter>
    <Filter Include="win32\Sprite Information">
      <UniqueIdentifier>{3cdba3e8-1c36-4a7f-8188-d951b8abd07a}</UniqueIdentifier>
    </Filter>
    <Filter Include="win32\Files">
      <UniqueIdentifier>{4a6470f3-5e73-4af6-ad30-fa03f63603df}</UniqueIdentifier>
    </Filter>
    <Filter Include="win32\Helpers">
      <UniqueIdentifier>{df1587ff-c4a9-4c5e-91ae-dd9b15ec022b}</UniqueIdentifier>
    </Filter>
  </ItemGroup>
  <ItemGroup>
    <ClCompile Include="main.cpp">
      <Filter>win32</Filter>
    </ClCompile>
    <ClCompile Include="..\Classes\AppDelegate.cpp">
      <Filter>src</Filter>
    </ClCompile>
    <ClCompile Include="..\Classes\TowerDefenceScene.cpp">
      <Filter>src</Filter>
    </ClCompile>
    <ClCompile Include="timer.cpp">
      <Filter>win32\Utilities</Filter>
    </ClCompile>
    <ClCompile Include="LevelManager.cpp">
      <Filter>win32\Managers</Filter>
    </ClCompile>
    <ClCompile Include="TurretManager.cpp">
      <Filter>win32\Managers</Filter>
    </ClCompile>
    <ClCompile Include="CreepManager.cpp">
      <Filter>win32\Managers</Filter>
    </ClCompile>
    <ClCompile Include="Creep.cpp">
      <Filter>win32\Sprites</Filter>
    </ClCompile>
    <ClCompile Include="Turret.cpp">
      <Filter>win32\Sprites</Filter>
    </ClCompile>
    <ClCompile Include="CreepInfo.cpp">
      <Filter>win32\Sprite Information</Filter>
    </ClCompile>
    <ClCompile Include="TurretInfo.cpp">
      <Filter>win32\Sprite Information</Filter>
    </ClCompile>
    <ClCompile Include="WaveManager.cpp">
      <Filter>win32\Managers</Filter>
    </ClCompile>
    <ClCompile Include="CGCircle.cpp">
      <Filter>win32\Helpers</Filter>
    </ClCompile>
    <ClCompile Include="TurretStatsDisplay.cpp">
      <Filter>win32\Helpers</Filter>
    </ClCompile>
    <ClCompile Include="Wave.cpp">
      <Filter>win32\Helpers</Filter>
    </ClCompile>
  </ItemGroup>
  <ItemGroup>
    <ClInclude Include="main.h">
      <Filter>win32</Filter>
    </ClInclude>
    <ClInclude Include="..\Classes\AppDelegate.h">
      <Filter>src</Filter>
    </ClInclude>
    <ClInclude Include="..\Classes\TowerDefenceScene.h">
      <Filter>src</Filter>
    </ClInclude>
    <ClInclude Include="Utils.h">
      <Filter>win32\Utilities</Filter>
    </ClInclude>
    <ClInclude Include="timer.h">
      <Filter>win32\Utilities</Filter>
    </ClInclude>
    <ClInclude Include="LevelManager.h">
      <Filter>win32\Managers</Filter>
    </ClInclude>
    <ClInclude Include="TurretManager.h">
      <Filter>win32\Managers</Filter>
    </ClInclude>
    <ClInclude Include="CreepManager.h">
      <Filter>win32\Managers</Filter>
    </ClInclude>
    <ClInclude Include="Creep.h">
      <Filter>win32\Sprites</Filter>
    </ClInclude>
    <ClInclude Include="Turret.h">
      <Filter>win32\Sprites</Filter>
    </ClInclude>
    <ClInclude Include="CreepInfo.h">
      <Filter>win32\Sprite Information</Filter>
    </ClInclude>
    <ClInclude Include="TurretInfo.h">
      <Filter>win32\Sprite Information</Filter>
    </ClInclude>
    <ClInclude Include="WaveManager.h">
      <Filter>win32\Managers</Filter>
    </ClInclude>
    <ClInclude Include="CGCircle.h">
      <Filter>win32\Helpers</Filter>
    </ClInclude>
    <ClInclude Include="TurretStatsDisplay.h">
      <Filter>win32\Helpers</Filter>
    </ClInclude>
    <ClInclude Include="Wave.h">
      <Filter>win32\Helpers</Filter>
    </ClInclude>
  </ItemGroup>
  <ItemGroup>
    <ResourceCompile Include="game.rc">
      <Filter>resource</Filter>
    </ResourceCompile>
  </ItemGroup>
  <ItemGroup>
    <None Include="..\Resources\Files\creep.json">
      <Filter>win32\Files</Filter>
    </None>
    <None Include="..\Resources\Files\turrets.json">
      <Filter>win32\Files</Filter>
    </None>
    <None Include="..\Resources\Files\waves.json">
      <Filter>win32\Files</Filter>
    </None>
    <None Include="..\Resources\Files\config.json">
      <Filter>win32\Files</Filter>
    </None>
  </ItemGroup>
</Project>